<?xml version="1.0" encoding="utf-8"?>
<Project ToolsVersion="12.0" xmlns="http://schemas.microsoft.com/developer/msbuild/2003">
  <ItemGroup>
    <ClCompile Include="C:\Users\Степан\Desktop\liftproverka7\Lift\Lift_lib\Lift_lib.cpp">
      <Filter>Source Files</Filter>
    </ClCompile>
  </ItemGroup>
  <ItemGroup>
    <ClInclude Include="C:\Users\Степан\Desktop\liftproverka7\Lift\Lift_lib\Lift_lib.h">
      <Filter>Header Files</Filter>
    </ClInclude>
  </ItemGroup>
  <ItemGroup>
    <CustomBuild Include="C:\Users\Степан\Desktop\liftproverka7\Lift\Lift_lib\CMakeLists.txt" />
  </ItemGroup>
  <ItemGroup>
    <Filter Include="Header Files">
      <UniqueIdentifier>{72A81C5B-3F0F-323C-A1D8-3E905278C3ED}</UniqueIdentifier>
    </Filter>
    <Filter Include="Source Files">
      <UniqueIdentifier>{2EC6A717-A87B-304D-AFC2-488F5EA58C52}</UniqueIdentifier>
    </Filter>
  </ItemGroup>
</Project>
